
Microsoft Visual Studio Solution File, Format Version 12.00
Project("{FAE04EC0-301F-11D3-BF4B-00C04F79EFBC}") = "Server", "Server\Server.csproj", "{9354A2AA-91BD-4E29-B071-C93C81D3291E}"
EndProject
Project("{FAE04EC0-301F-11D3-BF4B-00C04F79EFBC}") = "Client", "Client\Client.csproj", "{6F4D9467-2B29-4690-B249-CC8412041C5E}"
EndProject
Project("{FAE04EC0-301F-11D3-BF4B-00C04F79EFBC}") = "Tests", "Tests\Tests.csproj", "{A2DF7FE6-3813-40A7-A191-07AA55C0A9E6}"
EndProject
Global
	GlobalSection(SolutionConfigurationPlatforms) = preSolution
		Debug|Any CPU = Debug|Any CPU
		Release|Any CPU = Release|Any CPU
	EndGlobalSection
	GlobalSection(ProjectConfigurationPlatforms) = postSolution
		{9354A2AA-91BD-4E29-B071-C93C81D3291E}.Debug|Any CPU.ActiveCfg = Debug|Any CPU
		{9354A2AA-91BD-4E29-B071-C93C81D3291E}.Debug|Any CPU.Build.0 = Debug|Any CPU
		{9354A2AA-91BD-4E29-B071-C93C81D3291E}.Release|Any CPU.ActiveCfg = Release|Any CPU
		{9354A2AA-91BD-4E29-B071-C93C81D3291E}.Release|Any CPU.Build.0 = Release|Any CPU
		{6F4D9467-2B29-4690-B249-CC8412041C5E}.Debug|Any CPU.ActiveCfg = Debug|Any CPU
		{6F4D9467-2B29-4690-B249-CC8412041C5E}.Debug|Any CPU.Build.0 = Debug|Any CPU
		{6F4D9467-2B29-4690-B249-CC8412041C5E}.Release|Any CPU.ActiveCfg = Release|Any CPU
		{6F4D9467-2B29-4690-B249-CC8412041C5E}.Release|Any CPU.Build.0 = Release|Any CPU
		{A2DF7FE6-3813-40A7-A191-07AA55C0A9E6}.Debug|Any CPU.ActiveCfg = Debug|Any CPU
		{A2DF7FE6-3813-40A7-A191-07AA55C0A9E6}.Debug|Any CPU.Build.0 = Debug|Any CPU
		{A2DF7FE6-3813-40A7-A191-07AA55C0A9E6}.Release|Any CPU.ActiveCfg = Release|Any CPU
		{A2DF7FE6-3813-40A7-A191-07AA55C0A9E6}.Release|Any CPU.Build.0 = Release|Any CPU
	EndGlobalSection
EndGlobal
